
Microsoft Visual Studio Solution File, Format Version 12.00
# Visual Studio Version 17
VisualStudioVersion = 17.4.33213.308
MinimumVisualStudioVersion = 10.0.40219.1
Project("{FAE04EC0-301F-11D3-BF4B-00C04F79EFBC}") = "PBL3", "PBL3.csproj", "{D6D3901C-9C0F-4906-8885-4B5B3A7E92CB}"
EndProject
Global
	GlobalSection(SolutionConfigurationPlatforms) = preSolution
		Debug|Any CPU = Debug|Any CPU
		Release|Any CPU = Release|Any CPU
	EndGlobalSection
	GlobalSection(ProjectConfigurationPlatforms) = postSolution
		{D6D3901C-9C0F-4906-8885-4B5B3A7E92CB}.Debug|Any CPU.ActiveCfg = Debug|Any CPU
		{D6D3901C-9C0F-4906-8885-4B5B3A7E92CB}.Debug|Any CPU.Build.0 = Debug|Any CPU
		{D6D3901C-9C0F-4906-8885-4B5B3A7E92CB}.Release|Any CPU.ActiveCfg = Release|Any CPU
		{D6D3901C-9C0F-4906-8885-4B5B3A7E92CB}.Release|Any CPU.Build.0 = Release|Any CPU
	EndGlobalSection
	GlobalSection(SolutionProperties) = preSolution
		HideSolutionNode = FALSE
	EndGlobalSection
	GlobalSection(ExtensibilityGlobals) = postSolution
		SolutionGuid = {E2D3DDEE-CA2E-44C5-AAAE-A6EEA32B7572}
	EndGlobalSection
EndGlobal
